// !$*UTF8*$!
{
	archiveVersion = 1;
	classes = {
	};
	objectVersion = 55;
	objects = {

/* Begin PBXBuildFile section */
		463CF0FF282264DD0039275C /* DynamicFilteredView.swift in Sources */ = {isa = PBXBuildFile; fileRef = 463CF0FE282264DD0039275C /* DynamicFilteredView.swift */; };
		4649F2152820F3EA00B21FA9 /* Task_ManagerApp.swift in Sources */ = {isa = PBXBuildFile; fileRef = 4649F2142820F3EA00B21FA9 /* Task_ManagerApp.swift */; };
		4649F2172820F3EA00B21FA9 /* ContentView.swift in Sources */ = {isa = PBXBuildFile; fileRef = 4649F2162820F3EA00B21FA9 /* ContentView.swift */; };
		4649F2192820F3ED00B21FA9 /* Assets.xcassets in Resources */ = {isa = PBXBuildFile; fileRef = 4649F2182820F3ED00B21FA9 /* Assets.xcassets */; };
		4649F21C2820F3ED00B21FA9 /* Preview Assets.xcassets in Resources */ = {isa = PBXBuildFile; fileRef = 4649F21B2820F3ED00B21FA9 /* Preview Assets.xcassets */; };
		4649F21E2820F3ED00B21FA9 /* Persistence.swift in Sources */ = {isa = PBXBuildFile; fileRef = 4649F21D2820F3ED00B21FA9 /* Persistence.swift */; };
		4649F22B2820F3ED00B21FA9 /* Task_ManagerTests.swift in Sources */ = {isa = PBXBuildFile; fileRef = 4649F22A2820F3ED00B21FA9 /* Task_ManagerTests.swift */; };
		4649F2352820F3ED00B21FA9 /* Task_ManagerUITests.swift in Sources */ = {isa = PBXBuildFile; fileRef = 4649F2342820F3ED00B21FA9 /* Task_ManagerUITests.swift */; };
		4649F2372820F3ED00B21FA9 /* Task_ManagerUITestsLaunchTests.swift in Sources */ = {isa = PBXBuildFile; fileRef = 4649F2362820F3ED00B21FA9 /* Task_ManagerUITestsLaunchTests.swift */; };
		4649F2452820F43200B21FA9 /* Task_Manager.xcdatamodeld in Sources */ = {isa = PBXBuildFile; fileRef = 4649F2432820F43200B21FA9 /* Task_Manager.xcdatamodeld */; };
		4649F2482820F54900B21FA9 /* Home.swift in Sources */ = {isa = PBXBuildFile; fileRef = 4649F2472820F54900B21FA9 /* Home.swift */; };
		4649F24B2820F84200B21FA9 /* TaskViewModel.swift in Sources */ = {isa = PBXBuildFile; fileRef = 4649F24A2820F84200B21FA9 /* TaskViewModel.swift */; };
		4649F24D282112E200B21FA9 /* AddNewTask.swift in Sources */ = {isa = PBXBuildFile; fileRef = 4649F24C282112E200B21FA9 /* AddNewTask.swift */; };
/* End PBXBuildFile section */

/* Begin PBXContainerItemProxy section */
		4649F2272820F3ED00B21FA9 /* PBXContainerItemProxy */ = {
			isa = PBXContainerItemProxy;
			containerPortal = 4649F2092820F3EA00B21FA9 /* Project object */;
			proxyType = 1;
			remoteGlobalIDString = 4649F2102820F3EA00B21FA9;
			remoteInfo = "Task Manager";
		};
		4649F2312820F3ED00B21FA9 /* PBXContainerItemProxy */ = {
			isa = PBXContainerItemProxy;
			containerPortal = 4649F2092820F3EA00B21FA9 /* Project object */;
			proxyType = 1;
			remoteGlobalIDString = 4649F2102820F3EA00B21FA9;
			remoteInfo = "Task Manager";
		};
/* End PBXContainerItemProxy section */

/* Begin PBXFileReference section */
		463CF0FE282264DD0039275C /* DynamicFilteredView.swift */ = {isa = PBXFileReference; lastKnownFileType = sourcecode.swift; path = DynamicFilteredView.swift; sourceTree = "<group>"; };
		4649F2112820F3EA00B21FA9 /* Task Manager.app */ = {isa = PBXFileReference; explicitFileType = wrapper.application; includeInIndex = 0; path = "Task Manager.app"; sourceTree = BUILT_PRODUCTS_DIR; };
		4649F2142820F3EA00B21FA9 /* Task_ManagerApp.swift */ = {isa = PBXFileReference; lastKnownFileType = sourcecode.swift; path = Task_ManagerApp.swift; sourceTree = "<group>"; };
		4649F2162820F3EA00B21FA9 /* ContentView.swift */ = {isa = PBXFileReference; lastKnownFileType = sourcecode.swift; path = ContentView.swift; sourceTree = "<group>"; };
		4649F2182820F3ED00B21FA9 /* Assets.xcassets */ = {isa = PBXFileReference; lastKnownFileType = folder.assetcatalog; path = Assets.xcassets; sourceTree = "<group>"; };
		4649F21B2820F3ED00B21FA9 /* Preview Assets.xcassets */ = {isa = PBXFileReference; lastKnownFileType = folder.assetcatalog; path = "Preview Assets.xcassets"; sourceTree = "<group>"; };
		4649F21D2820F3ED00B21FA9 /* Persistence.swift */ = {isa = PBXFileReference; lastKnownFileType = sourcecode.swift; path = Persistence.swift; sourceTree = "<group>"; };
		4649F2262820F3ED00B21FA9 /* Task ManagerTests.xctest */ = {isa = PBXFileReference; explicitFileType = wrapper.cfbundle; includeInIndex = 0; path = "Task ManagerTests.xctest"; sourceTree = BUILT_PRODUCTS_DIR; };
		4649F22A2820F3ED00B21FA9 /* Task_ManagerTests.swift */ = {isa = PBXFileReference; lastKnownFileType = sourcecode.swift; path = Task_ManagerTests.swift; sourceTree = "<group>"; };
		4649F2302820F3ED00B21FA9 /* Task ManagerUITests.xctest */ = {isa = PBXFileReference; explicitFileType = wrapper.cfbundle; includeInIndex = 0; path = "Task ManagerUITests.xctest"; sourceTree = BUILT_PRODUCTS_DIR; };
		4649F2342820F3ED00B21FA9 /* Task_ManagerUITests.swift */ = {isa = PBXFileReference; lastKnownFileType = sourcecode.swift; path = Task_ManagerUITests.swift; sourceTree = "<group>"; };
		4649F2362820F3ED00B21FA9 /* Task_ManagerUITestsLaunchTests.swift */ = {isa = PBXFileReference; lastKnownFileType = sourcecode.swift; path = Task_ManagerUITestsLaunchTests.swift; sourceTree = "<group>"; };
		4649F2442820F43200B21FA9 /* Task_Manager.xcdatamodel */ = {isa = PBXFileReference; lastKnownFileType = wrapper.xcdatamodel; path = Task_Manager.xcdatamodel; sourceTree = "<group>"; };
		4649F2472820F54900B21FA9 /* Home.swift */ = {isa = PBXFileReference; lastKnownFileType = sourcecode.swift; path = Home.swift; sourceTree = "<group>"; };
		4649F24A2820F84200B21FA9 /* TaskViewModel.swift */ = {isa = PBXFileReference; lastKnownFileType = sourcecode.swift; path = TaskViewModel.swift; sourceTree = "<group>"; };
		4649F24C282112E200B21FA9 /* AddNewTask.swift */ = {isa = PBXFileReference; lastKnownFileType = sourcecode.swift; path = AddNewTask.swift; sourceTree = "<group>"; };
/* End PBXFileReference section */

/* Begin PBXFrameworksBuildPhase section */
		4649F20E2820F3EA00B21FA9 /* Frameworks */ = {
			isa = PBXFrameworksBuildPhase;
			buildActionMask = 2147483647;
			files = (
			);
			runOnlyForDeploymentPostprocessing = 0;
		};
		4649F2232820F3ED00B21FA9 /* Frameworks */ = {
			isa = PBXFrameworksBuildPhase;
			buildActionMask = 2147483647;
			files = (
			);
			runOnlyForDeploymentPostprocessing = 0;
		};
		4649F22D2820F3ED00B21FA9 /* Frameworks */ = {
			isa = PBXFrameworksBuildPhase;
			buildActionMask = 2147483647;
			files = (
			);
			runOnlyForDeploymentPostprocessing = 0;
		};
/* End PBXFrameworksBuildPhase section */

/* Begin PBXGroup section */
		4649F2082820F3EA00B21FA9 = {
			isa = PBXGroup;
			children = (
				4649F2132820F3EA00B21FA9 /* Task Manager */,
				4649F2292820F3ED00B21FA9 /* Task ManagerTests */,
				4649F2332820F3ED00B21FA9 /* Task ManagerUITests */,
				4649F2122820F3EA00B21FA9 /* Products */,
			);
			sourceTree = "<group>";
		};
		4649F2122820F3EA00B21FA9 /* Products */ = {
			isa = PBXGroup;
			children = (
				4649F2112820F3EA00B21FA9 /* Task Manager.app */,
				4649F2262820F3ED00B21FA9 /* Task ManagerTests.xctest */,
				4649F2302820F3ED00B21FA9 /* Task ManagerUITests.xctest */,
			);
			name = Products;
			sourceTree = "<group>";
		};
		4649F2132820F3EA00B21FA9 /* Task Manager */ = {
			isa = PBXGroup;
			children = (
				4649F2492820F55600B21FA9 /* ViewModel */,
				4649F2462820F54000B21FA9 /* View */,
				4649F2142820F3EA00B21FA9 /* Task_ManagerApp.swift */,
				4649F2162820F3EA00B21FA9 /* ContentView.swift */,
				4649F2182820F3ED00B21FA9 /* Assets.xcassets */,
				4649F21D2820F3ED00B21FA9 /* Persistence.swift */,
				4649F21A2820F3ED00B21FA9 /* Preview Content */,
				4649F2432820F43200B21FA9 /* Task_Manager.xcdatamodeld */,
			);
			path = "Task Manager";
			sourceTree = "<group>";
		};
		4649F21A2820F3ED00B21FA9 /* Preview Content */ = {
			isa = PBXGroup;
			children = (
				4649F21B2820F3ED00B21FA9 /* Preview Assets.xcassets */,
			);
			path = "Preview Content";
			sourceTree = "<group>";
		};
		4649F2292820F3ED00B21FA9 /* Task ManagerTests */ = {
			isa = PBXGroup;
			children = (
				4649F22A2820F3ED00B21FA9 /* Task_ManagerTests.swift */,
			);
			path = "Task ManagerTests";
			sourceTree = "<group>";
		};
		4649F2332820F3ED00B21FA9 /* Task ManagerUITests */ = {
			isa = PBXGroup;
			children = (
				4649F2342820F3ED00B21FA9 /* Task_ManagerUITests.swift */,
				4649F2362820F3ED00B21FA9 /* Task_ManagerUITestsLaunchTests.swift */,
			);
			path = "Task ManagerUITests";
			sourceTree = "<group>";
		};
		4649F2462820F54000B21FA9 /* View */ = {
			isa = PBXGroup;
			children = (
				4649F2472820F54900B21FA9 /* Home.swift */,
				4649F24C282112E200B21FA9 /* AddNewTask.swift */,
				463CF0FE282264DD0039275C /* DynamicFilteredView.swift */,
			);
			path = View;
			sourceTree = "<group>";
		};
		4649F2492820F55600B21FA9 /* ViewModel */ = {
			isa = PBXGroup;
			children = (
				4649F24A2820F84200B21FA9 /* TaskViewModel.swift */,
			);
			path = ViewModel;
			sourceTree = "<group>";
		};
/* End PBXGroup section */

/* Begin PBXNativeTarget section */
		4649F2102820F3EA00B21FA9 /* Task Manager */ = {
			isa = PBXNativeTarget;
			buildConfigurationList = 4649F23A2820F3ED00B21FA9 /* Build configuration list for PBXNativeTarget "Task Manager" */;
			buildPhases = (
				4649F20D2820F3EA00B21FA9 /* Sources */,
				4649F20E2820F3EA00B21FA9 /* Frameworks */,
				4649F20F2820F3EA00B21FA9 /* Resources */,
			);
			buildRules = (
			);
			dependencies = (
			);
			name = "Task Manager";
			productName = "Task Manager";
			productReference = 4649F2112820F3EA00B21FA9 /* Task Manager.app */;
			productType = "com.apple.product-type.application";
		};
		4649F2252820F3ED00B21FA9 /* Task ManagerTests */ = {
			isa = PBXNativeTarget;
			buildConfigurationList = 4649F23D2820F3ED00B21FA9 /* Build configuration list for PBXNativeTarget "Task ManagerTests" */;
			buildPhases = (
				4649F2222820F3ED00B21FA9 /* Sources */,
				4649F2232820F3ED00B21FA9 /* Frameworks */,
				4649F2242820F3ED00B21FA9 /* Resources */,
			);
			buildRules = (
			);
			dependencies = (
				4649F2282820F3ED00B21FA9 /* PBXTargetDependency */,
			);
			name = "Task ManagerTests";
			productName = "Task ManagerTests";
			productReference = 4649F2262820F3ED00B21FA9 /* Task ManagerTests.xctest */;
			productType = "com.apple.product-type.bundle.unit-test";
		};
		4649F22F2820F3ED00B21FA9 /* Task ManagerUITests */ = {
			isa = PBXNativeTarget;
			buildConfigurationList = 4649F2402820F3ED00B21FA9 /* Build configuration list for PBXNativeTarget "Task ManagerUITests" */;
			buildPhases = (
				4649F22C2820F3ED00B21FA9 /* Sources */,
				4649F22D2820F3ED00B21FA9 /* Frameworks */,
				4649F22E2820F3ED00B21FA9 /* Resources */,
			);
			buildRules = (
			);
			dependencies = (
				4649F2322820F3ED00B21FA9 /* PBXTargetDependency */,
			);
			name = "Task ManagerUITests";
			productName = "Task ManagerUITests";
			productReference = 4649F2302820F3ED00B21FA9 /* Task ManagerUITests.xctest */;
			productType = "com.apple.product-type.bundle.ui-testing";
		};
/* End PBXNativeTarget section */

/* Begin PBXProject section */
		4649F2092820F3EA00B21FA9 /* Project object */ = {
			isa = PBXProject;
			attributes = {
				BuildIndependentTargetsInParallel = 1;
				LastSwiftUpdateCheck = 1320;
				LastUpgradeCheck = 1320;
				TargetAttributes = {
					4649F2102820F3EA00B21FA9 = {
						CreatedOnToolsVersion = 13.2.1;
					};
					4649F2252820F3ED00B21FA9 = {
						CreatedOnToolsVersion = 13.2.1;
						TestTargetID = 4649F2102820F3EA00B21FA9;
					};
					4649F22F2820F3ED00B21FA9 = {
						CreatedOnToolsVersion = 13.2.1;
						TestTargetID = 4649F2102820F3EA00B21FA9;
					};
				};
			};
			buildConfigurationList = 4649F20C2820F3EA00B21FA9 /* Build configuration list for PBXProject "Task Manager" */;
			compatibilityVersion = "Xcode 13.0";
			developmentRegion = en;
			hasScannedForEncodings = 0;
			knownRegions = (
				en,
				Base,
			);
			mainGroup = 4649F2082820F3EA00B21FA9;
			productRefGroup = 4649F2122820F3EA00B21FA9 /* Products */;
			projectDirPath = "";
			projectRoot = "";
			targets = (
				4649F2102820F3EA00B21FA9 /* Task Manager */,
				4649F2252820F3ED00B21FA9 /* Task ManagerTests */,
				4649F22F2820F3ED00B21FA9 /* Task ManagerUITests */,
			);
		};
/* End PBXProject section */

/* Begin PBXResourcesBuildPhase section */
		4649F20F2820F3EA00B21FA9 /* Resources */ = {
			isa = PBXResourcesBuildPhase;
			buildActionMask = 2147483647;
			files = (
				4649F21C2820F3ED00B21FA9 /* Preview Assets.xcassets in Resources */,
				4649F2192820F3ED00B21FA9 /* Assets.xcassets in Resources */,
			);
			runOnlyForDeploymentPostprocessing = 0;
		};
		4649F2242820F3ED00B21FA9 /* Resources */ = {
			isa = PBXResourcesBuildPhase;
			buildActionMask = 2147483647;
			files = (
			);
			runOnlyForDeploymentPostprocessing = 0;
		};
		4649F22E2820F3ED00B21FA9 /* Resources */ = {
			isa = PBXResourcesBuildPhase;
			buildActionMask = 2147483647;
			files = (
			);
			runOnlyForDeploymentPostprocessing = 0;
		};
/* End PBXResourcesBuildPhase section */

/* Begin PBXSourcesBuildPhase section */
		4649F20D2820F3EA00B21FA9 /* Sources */ = {
			isa = PBXSourcesBuildPhase;
			buildActionMask = 2147483647;
			files = (
				4649F21E2820F3ED00B21FA9 /* Persistence.swift in Sources */,
				4649F24B2820F84200B21FA9 /* TaskViewModel.swift in Sources */,
				4649F2172820F3EA00B21FA9 /* ContentView.swift in Sources */,
				463CF0FF282264DD0039275C /* DynamicFilteredView.swift in Sources */,
				4649F2482820F54900B21FA9 /* Home.swift in Sources */,
				4649F24D282112E200B21FA9 /* AddNewTask.swift in Sources */,
				4649F2452820F43200B21FA9 /* Task_Manager.xcdatamodeld in Sources */,
				4649F2152820F3EA00B21FA9 /* Task_ManagerApp.swift in Sources */,
			);
			runOnlyForDeploymentPostprocessing = 0;
		};
		4649F2222820F3ED00B21FA9 /* Sources */ = {
			isa = PBXSourcesBuildPhase;
			buildActionMask = 2147483647;
			files = (
				4649F22B2820F3ED00B21FA9 /* Task_ManagerTests.swift in Sources */,
			);
			runOnlyForDeploymentPostprocessing = 0;
		};
		4649F22C2820F3ED00B21FA9 /* Sources */ = {
			isa = PBXSourcesBuildPhase;
			buildActionMask = 2147483647;
			files = (
				4649F2352820F3ED00B21FA9 /* Task_ManagerUITests.swift in Sources */,
				4649F2372820F3ED00B21FA9 /* Task_ManagerUITestsLaunchTests.swift in Sources */,
			);
			runOnlyForDeploymentPostprocessing = 0;
		};
/* End PBXSourcesBuildPhase section */

/* Begin PBXTargetDependency section */
		4649F2282820F3ED00B21FA9 /* PBXTargetDependency */ = {
			isa = PBXTargetDependency;
			target = 4649F2102820F3EA00B21FA9 /* Task Manager */;
			targetProxy = 4649F2272820F3ED00B21FA9 /* PBXContainerItemProxy */;
		};
		4649F2322820F3ED00B21FA9 /* PBXTargetDependency */ = {
			isa = PBXTargetDependency;
			target = 4649F2102820F3EA00B21FA9 /* Task Manager */;
			targetProxy = 4649F2312820F3ED00B21FA9 /* PBXContainerItemProxy */;
		};
/* End PBXTargetDependency section */

/* Begin XCBuildConfiguration section */
		4649F2382820F3ED00B21FA9 /* Debug */ = {
			isa = XCBuildConfiguration;
			buildSettings = {
				ALWAYS_SEARCH_USER_PATHS = NO;
				CLANG_ANALYZER_NONNULL = YES;
				CLANG_ANALYZER_NUMBER_OBJECT_CONVERSION = YES_AGGRESSIVE;
				CLANG_CXX_LANGUAGE_STANDARD = "gnu++17";
				CLANG_CXX_LIBRARY = "libc++";
				CLANG_ENABLE_MODULES = YES;
				CLANG_ENABLE_OBJC_ARC = YES;
				CLANG_ENABLE_OBJC_WEAK = YES;
				CLANG_WARN_BLOCK_CAPTURE_AUTORELEASING = YES;
				CLANG_WARN_BOOL_CONVERSION = YES;
				CLANG_WARN_COMMA = YES;
				CLANG_WARN_CONSTANT_CONVERSION = YES;
				CLANG_WARN_DEPRECATED_OBJC_IMPLEMENTATIONS = YES;
				CLANG_WARN_DIRECT_OBJC_ISA_USAGE = YES_ERROR;
				CLANG_WARN_DOCUMENTATION_COMMENTS = YES;
				CLANG_WARN_EMPTY_BODY = YES;
				CLANG_WARN_ENUM_CONVERSION = YES;
				CLANG_WARN_INFINITE_RECURSION = YES;
				CLANG_WARN_INT_CONVERSION = YES;
				CLANG_WARN_NON_LITERAL_NULL_CONVERSION = YES;
				CLANG_WARN_OBJC_IMPLICIT_RETAIN_SELF = YES;
				CLANG_WARN_OBJC_LITERAL_CONVERSION = YES;
				CLANG_WARN_OBJC_ROOT_CLASS = YES_ERROR;
				CLANG_WARN_QUOTED_INCLUDE_IN_FRAMEWORK_HEADER = YES;
				CLANG_WARN_RANGE_LOOP_ANALYSIS = YES;
				CLANG_WARN_STRICT_PROTOTYPES = YES;
				CLANG_WARN_SUSPICIOUS_MOVE = YES;
				CLANG_WARN_UNGUARDED_AVAILABILITY = YES_AGGRESSIVE;
				CLANG_WARN_UNREACHABLE_CODE = YES;
				CLANG_WARN__DUPLICATE_METHOD_MATCH = YES;
				COPY_PHASE_STRIP = NO;
				DEBUG_INFORMATION_FORMAT = dwarf;
				ENABLE_STRICT_OBJC_MSGSEND = YES;
				ENABLE_TESTABILITY = YES;
				GCC_C_LANGUAGE_STANDARD = gnu11;
				GCC_DYNAMIC_NO_PIC = NO;
				GCC_NO_COMMON_BLOCKS = YES;
				GCC_OPTIMIZATION_LEVEL = 0;
				GCC_PREPROCESSOR_DEFINITIONS = (
					"DEBUG=1",
					"$(inherited)",
				);
				GCC_WARN_64_TO_32_BIT_CONVERSION = YES;
				GCC_WARN_ABOUT_RETURN_TYPE = YES_ERROR;
				GCC_WARN_UNDECLARED_SELECTOR = YES;
				GCC_WARN_UNINITIALIZED_AUTOS = YES_AGGRESSIVE;
				GCC_WARN_UNUSED_FUNCTION = YES;
				GCC_WARN_UNUSED_VARIABLE = YES;
				IPHONEOS_DEPLOYMENT_TARGET = 15.2;
				MTL_ENABLE_DEBUG_INFO = INCLUDE_SOURCE;
				MTL_FAST_MATH = YES;
				ONLY_ACTIVE_ARCH = YES;
				SDKROOT = iphoneos;
				SWIFT_ACTIVE_COMPILATION_CONDITIONS = DEBUG;
				SWIFT_OPTIMIZATION_LEVEL = "-Onone";
			};
			name = Debug;
		};
		4649F2392820F3ED00B21FA9 /* Release */ = {
			isa = XCBuildConfiguration;
			buildSettings = {
				ALWAYS_SEARCH_USER_PATHS = NO;
				CLANG_ANALYZER_NONNULL = YES;
				CLANG_ANALYZER_NUMBER_OBJECT_CONVERSION = YES_AGGRESSIVE;
				CLANG_CXX_LANGUAGE_STANDARD = "gnu++17";
				CLANG_CXX_LIBRARY = "libc++";
				CLANG_ENABLE_MODULES = YES;
				CLANG_ENABLE_OBJC_ARC = YES;
				CLANG_ENABLE_OBJC_WEAK = YES;
				CLANG_WARN_BLOCK_CAPTURE_AUTORELEASING = YES;
				CLANG_WARN_BOOL_CONVERSION = YES;
				CLANG_WARN_COMMA = YES;
				CLANG_WARN_CONSTANT_CONVERSION = YES;
				CLANG_WARN_DEPRECATED_OBJC_IMPLEMENTATIONS = YES;
				CLANG_WARN_DIRECT_OBJC_ISA_USAGE = YES_ERROR;
				CLANG_WARN_DOCUMENTATION_COMMENTS = YES;
				CLANG_WARN_EMPTY_BODY = YES;
				CLANG_WARN_ENUM_CONVERSION = YES;
				CLANG_WARN_INFINITE_RECURSION = YES;
				CLANG_WARN_INT_CONVERSION = YES;
				CLANG_WARN_NON_LITERAL_NULL_CONVERSION = YES;
				CLANG_WARN_OBJC_IMPLICIT_RETAIN_SELF = YES;
				CLANG_WARN_OBJC_LITERAL_CONVERSION = YES;
				CLANG_WARN_OBJC_ROOT_CLASS = YES_ERROR;
				CLANG_WARN_QUOTED_INCLUDE_IN_FRAMEWORK_HEADER = YES;
				CLANG_WARN_RANGE_LOOP_ANALYSIS = YES;
				CLANG_WARN_STRICT_PROTOTYPES = YES;
				CLANG_WARN_SUSPICIOUS_MOVE = YES;
				CLANG_WARN_UNGUARDED_AVAILABILITY = YES_AGGRESSIVE;
				CLANG_WARN_UNREACHABLE_CODE = YES;
				CLANG_WARN__DUPLICATE_METHOD_MATCH = YES;
				COPY_PHASE_STRIP = NO;
				DEBUG_INFORMATION_FORMAT = "dwarf-with-dsym";
				ENABLE_NS_ASSERTIONS = NO;
				ENABLE_STRICT_OBJC_MSGSEND = YES;
				GCC_C_LANGUAGE_STANDARD = gnu11;
				GCC_NO_COMMON_BLOCKS = YES;
				GCC_WARN_64_TO_32_BIT_CONVERSION = YES;
				GCC_WARN_ABOUT_RETURN_TYPE = YES_ERROR;
				GCC_WARN_UNDECLARED_SELECTOR = YES;
				GCC_WARN_UNINITIALIZED_AUTOS = YES_AGGRESSIVE;
				GCC_WARN_UNUSED_FUNCTION = YES;
				GCC_WARN_UNUSED_VARIABLE = YES;
				IPHONEOS_DEPLOYMENT_TARGET = 15.2;
				MTL_ENABLE_DEBUG_INFO = NO;
				MTL_FAST_MATH = YES;
				SDKROOT = iphoneos;
				SWIFT_COMPILATION_MODE = wholemodule;
				SWIFT_OPTIMIZATION_LEVEL = "-O";
				VALIDATE_PRODUCT = YES;
			};
			name = Release;
		};
		4649F23B2820F3ED00B21FA9 /* Debug */ = {
			isa = XCBuildConfiguration;
			buildSettings = {
				ASSETCATALOG_COMPILER_APPICON_NAME = AppIcon;
				ASSETCATALOG_COMPILER_GLOBAL_ACCENT_COLOR_NAME = AccentColor;
				CODE_SIGN_STYLE = Automatic;
				CURRENT_PROJECT_VERSION = 1;
				DEVELOPMENT_ASSET_PATHS = "\"Task Manager/Preview Content\"";
				DEVELOPMENT_TEAM = 4RFFC78DZD;
				ENABLE_PREVIEWS = YES;
				GENERATE_INFOPLIST_FILE = YES;
				INFOPLIST_KEY_UIApplicationSceneManifest_Generation = YES;
				INFOPLIST_KEY_UIApplicationSupportsIndirectInputEvents = YES;
				INFOPLIST_KEY_UILaunchScreen_Generation = YES;
				INFOPLIST_KEY_UISupportedInterfaceOrientations_iPad = "UIInterfaceOrientationPortrait UIInterfaceOrientationPortraitUpsideDown UIInterfaceOrientationLandscapeLeft UIInterfaceOrientationLandscapeRight";
				INFOPLIST_KEY_UISupportedInterfaceOrientations_iPhone = "UIInterfaceOrientationPortrait UIInterfaceOrientationLandscapeLeft UIInterfaceOrientationLandscapeRight";
				LD_RUNPATH_SEARCH_PATHS = (
					"$(inherited)",
					"@executable_path/Frameworks",
				);
				MARKETING_VERSION = 1.0;
				PRODUCT_BUNDLE_IDENTIFIER = "com.eryushion.Task-Manager";
				PRODUCT_NAME = "$(TARGET_NAME)";
				SWIFT_EMIT_LOC_STRINGS = YES;
				SWIFT_VERSION = 5.0;
				TARGETED_DEVICE_FAMILY = "1,2";
			};
			name = Debug;
		};
		4649F23C2820F3ED00B21FA9 /* Release */ = {
			isa = XCBuildConfiguration;
			buildSettings = {
				ASSETCATALOG_COMPILER_APPICON_NAME = AppIcon;
				ASSETCATALOG_COMPILER_GLOBAL_ACCENT_COLOR_NAME = AccentColor;
				CODE_SIGN_STYLE = Automatic;
				CURRENT_PROJECT_VERSION = 1;
				DEVELOPMENT_ASSET_PATHS = "\"Task Manager/Preview Content\"";
				DEVELOPMENT_TEAM = 4RFFC78DZD;
				ENABLE_PREVIEWS = YES;
				GENERATE_INFOPLIST_FILE = YES;
				INFOPLIST_KEY_UIApplicationSceneManifest_Generation = YES;
				INFOPLIST_KEY_UIApplicationSupportsIndirectInputEvents = YES;
				INFOPLIST_KEY_UILaunchScreen_Generation = YES;
				INFOPLIST_KEY_UISupportedInterfaceOrientations_iPad = "UIInterfaceOrientationPortrait UIInterfaceOrientationPortraitUpsideDown UIInterfaceOrientationLandscapeLeft UIInterfaceOrientationLandscapeRight";
				INFOPLIST_KEY_UISupportedInterfaceOrientations_iPhone = "UIInterfaceOrientationPortrait UIInterfaceOrientationLandscapeLeft UIInterfaceOrientationLandscapeRight";
				LD_RUNPATH_SEARCH_PATHS = (
					"$(inherited)",
					"@executable_path/Frameworks",
				);
				MARKETING_VERSION = 1.0;
				PRODUCT_BUNDLE_IDENTIFIER = "com.eryushion.Task-Manager";
				PRODUCT_NAME = "$(TARGET_NAME)";
				SWIFT_EMIT_LOC_STRINGS = YES;
				SWIFT_VERSION = 5.0;
				TARGETED_DEVICE_FAMILY = "1,2";
			};
			name = Release;
		};
		4649F23E2820F3ED00B21FA9 /* Debug */ = {
			isa = XCBuildConfiguration;
			buildSettings = {
				ALWAYS_EMBED_SWIFT_STANDARD_LIBRARIES = YES;
				BUNDLE_LOADER = "$(TEST_HOST)";
				CODE_SIGN_STYLE = Automatic;
				CURRENT_PROJECT_VERSION = 1;
				DEVELOPMENT_TEAM = 4RFFC78DZD;
				GENERATE_INFOPLIST_FILE = YES;
				IPHONEOS_DEPLOYMENT_TARGET = 15.2;
				MARKETING_VERSION = 1.0;
				PRODUCT_BUNDLE_IDENTIFIER = "com.eryushion.Task-ManagerTests";
				PRODUCT_NAME = "$(TARGET_NAME)";
				SWIFT_EMIT_LOC_STRINGS = NO;
				SWIFT_VERSION = 5.0;
				TARGETED_DEVICE_FAMILY = "1,2";
				TEST_HOST = "$(BUILT_PRODUCTS_DIR)/Task Manager.app/Task Manager";
			};
			name = Debug;
		};
		4649F23F2820F3ED00B21FA9 /* Release */ = {
			isa = XCBuildConfiguration;
			buildSettings = {
				ALWAYS_EMBED_SWIFT_STANDARD_LIBRARIES = YES;
				BUNDLE_LOADER = "$(TEST_HOST)";
				CODE_SIGN_STYLE = Automatic;
				CURRENT_PROJECT_VERSION = 1;
				DEVELOPMENT_TEAM = 4RFFC78DZD;
				GENERATE_INFOPLIST_FILE = YES;
				IPHONEOS_DEPLOYMENT_TARGET = 15.2;
				MARKETING_VERSION = 1.0;
				PRODUCT_BUNDLE_IDENTIFIER = "com.eryushion.Task-ManagerTests";
				PRODUCT_NAME = "$(TARGET_NAME)";
				SWIFT_EMIT_LOC_STRINGS = NO;
				SWIFT_VERSION = 5.0;
				TARGETED_DEVICE_FAMILY = "1,2";
				TEST_HOST = "$(BUILT_PRODUCTS_DIR)/Task Manager.app/Task Manager";
			};
			name = Release;
		};
		4649F2412820F3ED00B21FA9 /* Debug */ = {
			isa = XCBuildConfiguration;
			buildSettings = {
				ALWAYS_EMBED_SWIFT_STANDARD_LIBRARIES = YES;
				CODE_SIGN_STYLE = Automatic;
				CURRENT_PROJECT_VERSION = 1;
				DEVELOPMENT_TEAM = 4RFFC78DZD;
				GENERATE_INFOPLIST_FILE = YES;
				MARKETING_VERSION = 1.0;
				PRODUCT_BUNDLE_IDENTIFIER = "com.eryushion.Task-ManagerUITests";
				PRODUCT_NAME = "$(TARGET_NAME)";
				SWIFT_EMIT_LOC_STRINGS = NO;
				SWIFT_VERSION = 5.0;
				TARGETED_DEVICE_FAMILY = "1,2";
				TEST_TARGET_NAME = "Task Manager";
			};
			name = Debug;
		};
		4649F2422820F3ED00B21FA9 /* Release */ = {
			isa = XCBuildConfiguration;
			buildSettings = {
				ALWAYS_EMBED_SWIFT_STANDARD_LIBRARIES = YES;
				CODE_SIGN_STYLE = Automatic;
				CURRENT_PROJECT_VERSION = 1;
				DEVELOPMENT_TEAM = 4RFFC78DZD;
				GENERATE_INFOPLIST_FILE = YES;
				MARKETING_VERSION = 1.0;
				PRODUCT_BUNDLE_IDENTIFIER = "com.eryushion.Task-ManagerUITests";
				PRODUCT_NAME = "$(TARGET_NAME)";
				SWIFT_EMIT_LOC_STRINGS = NO;
				SWIFT_VERSION = 5.0;
				TARGETED_DEVICE_FAMILY = "1,2";
				TEST_TARGET_NAME = "Task Manager";
			};
			name = Release;
		};
/* End XCBuildConfiguration section */

/* Begin XCConfigurationList section */
		4649F20C2820F3EA00B21FA9 /* Build configuration list for PBXProject "Task Manager" */ = {
			isa = XCConfigurationList;
			buildConfigurations = (
				4649F2382820F3ED00B21FA9 /* Debug */,
				4649F2392820F3ED00B21FA9 /* Release */,
			);
			defaultConfigurationIsVisible = 0;
			defaultConfigurationName = Release;
		};
		4649F23A2820F3ED00B21FA9 /* Build configuration list for PBXNativeTarget "Task Manager" */ = {
			isa = XCConfigurationList;
			buildConfigurations = (
				4649F23B2820F3ED00B21FA9 /* Debug */,
				4649F23C2820F3ED00B21FA9 /* Release */,
			);
			defaultConfigurationIsVisible = 0;
			defaultConfigurationName = Release;
		};
		4649F23D2820F3ED00B21FA9 /* Build configuration list for PBXNativeTarget "Task ManagerTests" */ = {
			isa = XCConfigurationList;
			buildConfigurations = (
				4649F23E2820F3ED00B21FA9 /* Debug */,
				4649F23F2820F3ED00B21FA9 /* Release */,
			);
			defaultConfigurationIsVisible = 0;
			defaultConfigurationName = Release;
		};
		4649F2402820F3ED00B21FA9 /* Build configuration list for PBXNativeTarget "Task ManagerUITests" */ = {
			isa = XCConfigurationList;
			buildConfigurations = (
				4649F2412820F3ED00B21FA9 /* Debug */,
				4649F2422820F3ED00B21FA9 /* Release */,
			);
			defaultConfigurationIsVisible = 0;
			defaultConfigurationName = Release;
		};
/* End XCConfigurationList section */

/* Begin XCVersionGroup section */
		4649F2432820F43200B21FA9 /* Task_Manager.xcdatamodeld */ = {
			isa = XCVersionGroup;
			children = (
				4649F2442820F43200B21FA9 /* Task_Manager.xcdatamodel */,
			);
			currentVersion = 4649F2442820F43200B21FA9 /* Task_Manager.xcdatamodel */;
			path = Task_Manager.xcdatamodeld;
			sourceTree = "<group>";
			versionGroupType = wrapper.xcdatamodel;
		};
/* End XCVersionGroup section */
	};
	rootObject = 4649F2092820F3EA00B21FA9 /* Project object */;
}
